
Microsoft Visual Studio Solution File, Format Version 12.00
# Visual Studio Version 16
VisualStudioVersion = 16.0.29230.47
MinimumVisualStudioVersion = 10.0.40219.1
Project("{FAE04EC0-301F-11D3-BF4B-00C04F79EFBC}") = "HarshDogRace", "HarshDogRace\HarshDogRace.csproj", "{76E0520B-6ED9-4B19-8D41-51D7AF1FE2E5}"
EndProject
Project("{FAE04EC0-301F-11D3-BF4B-00C04F79EFBC}") = "HarshDogRaceTests", "HarshDogRaceTests\HarshDogRaceTests.csproj", "{FA05164C-4D33-42B2-B995-D8C4257BF7F7}"
EndProject
Global
	GlobalSection(SolutionConfigurationPlatforms) = preSolution
		Debug|Any CPU = Debug|Any CPU
		Release|Any CPU = Release|Any CPU
	EndGlobalSection
	GlobalSection(ProjectConfigurationPlatforms) = postSolution
		{76E0520B-6ED9-4B19-8D41-51D7AF1FE2E5}.Debug|Any CPU.ActiveCfg = Debug|Any CPU
		{76E0520B-6ED9-4B19-8D41-51D7AF1FE2E5}.Debug|Any CPU.Build.0 = Debug|Any CPU
		{76E0520B-6ED9-4B19-8D41-51D7AF1FE2E5}.Release|Any CPU.ActiveCfg = Release|Any CPU
		{76E0520B-6ED9-4B19-8D41-51D7AF1FE2E5}.Release|Any CPU.Build.0 = Release|Any CPU
		{FA05164C-4D33-42B2-B995-D8C4257BF7F7}.Debug|Any CPU.ActiveCfg = Debug|Any CPU
		{FA05164C-4D33-42B2-B995-D8C4257BF7F7}.Debug|Any CPU.Build.0 = Debug|Any CPU
		{FA05164C-4D33-42B2-B995-D8C4257BF7F7}.Release|Any CPU.ActiveCfg = Release|Any CPU
		{FA05164C-4D33-42B2-B995-D8C4257BF7F7}.Release|Any CPU.Build.0 = Release|Any CPU
	EndGlobalSection
	GlobalSection(SolutionProperties) = preSolution
		HideSolutionNode = FALSE
	EndGlobalSection
	GlobalSection(ExtensibilityGlobals) = postSolution
		SolutionGuid = {3EC7D4A5-68AB-462F-872E-E5AB48FC4C64}
	EndGlobalSection
EndGlobal
